PODS:
  - Bolts (1.8.4):
    - Bolts/AppLinks (= 1.8.4)
    - Bolts/Tasks (= 1.8.4)
  - Bolts/AppLinks (1.8.4):
    - Bolts/Tasks
  - Bolts/Tasks (1.8.4)
  - FBSDKCoreKit (4.27.1):
    - Bolts (~> 1.7)
  - FBSDKLoginKit (4.27.1):
    - FBSDKCoreKit
  - FBSDKShareKit (4.27.1):
    - FBSDKCoreKit
  - FBSnapshotTestCase (2.1.4):
    - FBSnapshotTestCase/SwiftSupport (= 2.1.4)
  - FBSnapshotTestCase/Core (2.1.4)
  - FBSnapshotTestCase/SwiftSupport (2.1.4):
    - FBSnapshotTestCase/Core
  - Kiwi (2.4.0)
  - SNSSocial (2.0.2):
    - SNSSocial/Facebook (= 2.0.2)
    - SNSSocial/Twitter (= 2.0.2)
  - SNSSocial/Facebook (2.0.2):
    - FBSDKCoreKit (~> 4.22)
    - FBSDKLoginKit (~> 4.22)
    - FBSDKShareKit (~> 4.22)
  - SNSSocial/Twitter (2.0.2):
    - STTwitter (= 0.2.5)
  - STTwitter (0.2.5)

DEPENDENCIES:
  - FBSnapshotTestCase
  - Kiwi
  - SNSSocial (from `../`)

EXTERNAL SOURCES:
  SNSSocial:
    :path: ../

SPEC CHECKSUMS:
  Bolts: 8a7995239dbe724f9cba2248b766d48b7ebdd322
  FBSDKCoreKit: 03365dad5d790249196ffad8be4f6d8a2d98f932
  FBSDKLoginKit: 66ff53b73cffd967ab773e32fac39e90a60e6d46
  FBSDKShareKit: 6a6a0ef9e850c741e4e1d7a7d21335205e997ec1
  FBSnapshotTestCase: 094f9f314decbabe373b87cc339bea235a63e07a
  Kiwi: f49c9d54b28917df5928fe44968a39ed198cb8a8
  SNSSocial: 410637111ded2c46ac8f7b2539f0cfb954ff54d3
  STTwitter: 5c157e8dcb4f0e4cf5b4374393021b7d7b7fd497

PODFILE CHECKSUM: 8b7863ba4b6612afc500a2ebb50164b8b2de8aa8

COCOAPODS: 1.3.1
