PODS:
  - Bolts (1.8.4):
    - Bolts/AppLinks (= 1.8.4)
    - Bolts/Tasks (= 1.8.4)
  - Bolts/AppLinks (1.8.4):
    - Bolts/Tasks
  - Bolts/Tasks (1.8.4)
  - FBSDKCoreKit (4.16.0):
    - Bolts (~> 1.7)
  - FBSDKLoginKit (4.16.0):
    - FBSDKCoreKit
  - FBSDKShareKit (4.16.0):
    - FBSDKCoreKit
  - FBSnapshotTestCase (2.1.4):
    - FBSnapshotTestCase/SwiftSupport (= 2.1.4)
  - FBSnapshotTestCase/Core (2.1.4)
  - FBSnapshotTestCase/SwiftSupport (2.1.4):
    - FBSnapshotTestCase/Core
  - Kiwi (2.4.0)
  - SNSSocial (2.0.1):
    - SNSSocial/Facebook (= 2.0.1)
    - SNSSocial/Twitter (= 2.0.1)
  - SNSSocial/Facebook (2.0.1):
    - FBSDKCoreKit (= 4.16.0)
    - FBSDKLoginKit (= 4.16.0)
    - FBSDKShareKit (= 4.16.0)
  - SNSSocial/Twitter (2.0.1):
    - STTwitter (= 0.2.5)
  - STTwitter (0.2.5)

DEPENDENCIES:
  - FBSnapshotTestCase
  - Kiwi
  - SNSSocial (from `../`)

EXTERNAL SOURCES:
  SNSSocial:
    :path: "../"

SPEC CHECKSUMS:
  Bolts: 8a7995239dbe724f9cba2248b766d48b7ebdd322
  FBSDKCoreKit: 7a6baaed4a2b2a244ba253346713bdbc74df135b
  FBSDKLoginKit: 9a514a55a7d05190f64d4ef09502737588b5b561
  FBSDKShareKit: e81505de17fc0624cbaa87b83cccc9f2a786e6cb
  FBSnapshotTestCase: 094f9f314decbabe373b87cc339bea235a63e07a
  Kiwi: f49c9d54b28917df5928fe44968a39ed198cb8a8
  SNSSocial: b8636a4d813bc05474083bab2b6dfb6f89304fff
  STTwitter: 5c157e8dcb4f0e4cf5b4374393021b7d7b7fd497

PODFILE CHECKSUM: 8b7863ba4b6612afc500a2ebb50164b8b2de8aa8

COCOAPODS: 1.0.1
